// !$*UTF8*$!
{
	archiveVersion = 1;
	classes = {
	};
	objectVersion = 46;
	objects = {

/* Begin PBXBuildFile section */
		0AE261A51B2871610069A96B /* AppDelegate.swift in Sources */ = {isa = PBXBuildFile; fileRef = 0AE261A41B2871610069A96B /* AppDelegate.swift */; };
		0AE261A71B2871610069A96B /* ViewController.swift in Sources */ = {isa = PBXBuildFile; fileRef = 0AE261A61B2871610069A96B /* ViewController.swift */; };
		0AE261AA1B2871610069A96B /* Main.storyboard in Resources */ = {isa = PBXBuildFile; fileRef = 0AE261A81B2871610069A96B /* Main.storyboard */; };
		0AE261AC1B2871610069A96B /* Images.xcassets in Resources */ = {isa = PBXBuildFile; fileRef = 0AE261AB1B2871610069A96B /* Images.xcassets */; };
		0AE261AF1B2871610069A96B /* LaunchScreen.xib in Resources */ = {isa = PBXBuildFile; fileRef = 0AE261AD1B2871610069A96B /* LaunchScreen.xib */; };
		0AE261BB1B2871610069A96B /* BeaconTests.swift in Sources */ = {isa = PBXBuildFile; fileRef = 0AE261BA1B2871610069A96B /* BeaconTests.swift */; };
		0AE261C51B2873B60069A96B /* APICaller.swift in Sources */ = {isa = PBXBuildFile; fileRef = 0AE261C41B2873B60069A96B /* APICaller.swift */; };
		0AE261C71B2897680069A96B /* SlackNameViewController.swift in Sources */ = {isa = PBXBuildFile; fileRef = 0AE261C61B2897680069A96B /* SlackNameViewController.swift */; };
/* End PBXBuildFile section */

/* Begin PBXContainerItemProxy section */
		0AE261B51B2871610069A96B /* PBXContainerItemProxy */ = {
			isa = PBXContainerItemProxy;
			containerPortal = 0AE261971B2871610069A96B /* Project object */;
			proxyType = 1;
			remoteGlobalIDString = 0AE2619E1B2871610069A96B;
			remoteInfo = Beacon;
		};
/* End PBXContainerItemProxy section */

/* Begin PBXFileReference section */
		0AE2619F1B2871610069A96B /* Beacon.app */ = {isa = PBXFileReference; explicitFileType = wrapper.application; includeInIndex = 0; path = Beacon.app; sourceTree = BUILT_PRODUCTS_DIR; };
		0AE261A31B2871610069A96B /* Info.plist */ = {isa = PBXFileReference; lastKnownFileType = text.plist.xml; path = Info.plist; sourceTree = "<group>"; };
		0AE261A41B2871610069A96B /* AppDelegate.swift */ = {isa = PBXFileReference; lastKnownFileType = sourcecode.swift; path = AppDelegate.swift; sourceTree = "<group>"; };
		0AE261A61B2871610069A96B /* ViewController.swift */ = {isa = PBXFileReference; lastKnownFileType = sourcecode.swift; path = ViewController.swift; sourceTree = "<group>"; };
		0AE261A91B2871610069A96B /* Base */ = {isa = PBXFileReference; lastKnownFileType = file.storyboard; name = Base; path = Base.lproj/Main.storyboard; sourceTree = "<group>"; };
		0AE261AB1B2871610069A96B /* Images.xcassets */ = {isa = PBXFileReference; lastKnownFileType = folder.assetcatalog; path = Images.xcassets; sourceTree = "<group>"; };
		0AE261AE1B2871610069A96B /* Base */ = {isa = PBXFileReference; lastKnownFileType = file.xib; name = Base; path = Base.lproj/LaunchScreen.xib; sourceTree = "<group>"; };
		0AE261B41B2871610069A96B /* BeaconTests.xctest */ = {isa = PBXFileReference; explicitFileType = wrapper.cfbundle; includeInIndex = 0; path = BeaconTests.xctest; sourceTree = BUILT_PRODUCTS_DIR; };
		0AE261B91B2871610069A96B /* Info.plist */ = {isa = PBXFileReference; lastKnownFileType = text.plist.xml; path = Info.plist; sourceTree = "<group>"; };
		0AE261BA1B2871610069A96B /* BeaconTests.swift */ = {isa = PBXFileReference; lastKnownFileType = sourcecode.swift; path = BeaconTests.swift; sourceTree = "<group>"; };
		0AE261C41B2873B60069A96B /* APICaller.swift */ = {isa = PBXFileReference; fileEncoding = 4; lastKnownFileType = sourcecode.swift; path = APICaller.swift; sourceTree = "<group>"; };
		0AE261C61B2897680069A96B /* SlackNameViewController.swift */ = {isa = PBXFileReference; fileEncoding = 4; lastKnownFileType = sourcecode.swift; path = SlackNameViewController.swift; sourceTree = "<group>"; };
/* End PBXFileReference section */

/* Begin PBXFrameworksBuildPhase section */
		0AE2619C1B2871610069A96B /* Frameworks */ = {
			isa = PBXFrameworksBuildPhase;
			buildActionMask = 2147483647;
			files = (
			);
			runOnlyForDeploymentPostprocessing = 0;
		};
		0AE261B11B2871610069A96B /* Frameworks */ = {
			isa = PBXFrameworksBuildPhase;
			buildActionMask = 2147483647;
			files = (
			);
			runOnlyForDeploymentPostprocessing = 0;
		};
/* End PBXFrameworksBuildPhase section */

/* Begin PBXGroup section */
		0AE261961B2871610069A96B = {
			isa = PBXGroup;
			children = (
				0AE261A11B2871610069A96B /* Beacon */,
				0AE261B71B2871610069A96B /* BeaconTests */,
				0AE261A01B2871610069A96B /* Products */,
			);
			sourceTree = "<group>";
		};
		0AE261A01B2871610069A96B /* Products */ = {
			isa = PBXGroup;
			children = (
				0AE2619F1B2871610069A96B /* Beacon.app */,
				0AE261B41B2871610069A96B /* BeaconTests.xctest */,
			);
			name = Products;
			sourceTree = "<group>";
		};
		0AE261A11B2871610069A96B /* Beacon */ = {
			isa = PBXGroup;
			children = (
				0AE261A41B2871610069A96B /* AppDelegate.swift */,
				0AE261A61B2871610069A96B /* ViewController.swift */,
				0AE261C61B2897680069A96B /* SlackNameViewController.swift */,
				0AE261A81B2871610069A96B /* Main.storyboard */,
				0AE261C41B2873B60069A96B /* APICaller.swift */,
				0AE261AB1B2871610069A96B /* Images.xcassets */,
				0AE261AD1B2871610069A96B /* LaunchScreen.xib */,
				0AE261A21B2871610069A96B /* Supporting Files */,
			);
			path = Beacon;
			sourceTree = "<group>";
		};
		0AE261A21B2871610069A96B /* Supporting Files */ = {
			isa = PBXGroup;
			children = (
				0AE261A31B2871610069A96B /* Info.plist */,
			);
			name = "Supporting Files";
			sourceTree = "<group>";
		};
		0AE261B71B2871610069A96B /* BeaconTests */ = {
			isa = PBXGroup;
			children = (
				0AE261BA1B2871610069A96B /* BeaconTests.swift */,
				0AE261B81B2871610069A96B /* Supporting Files */,
			);
			path = BeaconTests;
			sourceTree = "<group>";
		};
		0AE261B81B2871610069A96B /* Supporting Files */ = {
			isa = PBXGroup;
			children = (
				0AE261B91B2871610069A96B /* Info.plist */,
			);
			name = "Supporting Files";
			sourceTree = "<group>";
		};
/* End PBXGroup section */

/* Begin PBXNativeTarget section */
		0AE2619E1B2871610069A96B /* Beacon */ = {
			isa = PBXNativeTarget;
			buildConfigurationList = 0AE261BE1B2871610069A96B /* Build configuration list for PBXNativeTarget "Beacon" */;
			buildPhases = (
				0AE2619B1B2871610069A96B /* Sources */,
				0AE2619C1B2871610069A96B /* Frameworks */,
				0AE2619D1B2871610069A96B /* Resources */,
			);
			buildRules = (
			);
			dependencies = (
			);
			name = Beacon;
			productName = Beacon;
			productReference = 0AE2619F1B2871610069A96B /* Beacon.app */;
			productType = "com.apple.product-type.application";
		};
		0AE261B31B2871610069A96B /* BeaconTests */ = {
			isa = PBXNativeTarget;
			buildConfigurationList = 0AE261C11B2871610069A96B /* Build configuration list for PBXNativeTarget "BeaconTests" */;
			buildPhases = (
				0AE261B01B2871610069A96B /* Sources */,
				0AE261B11B2871610069A96B /* Frameworks */,
				0AE261B21B2871610069A96B /* Resources */,
			);
			buildRules = (
			);
			dependencies = (
				0AE261B61B2871610069A96B /* PBXTargetDependency */,
			);
			name = BeaconTests;
			productName = BeaconTests;
			productReference = 0AE261B41B2871610069A96B /* BeaconTests.xctest */;
			productType = "com.apple.product-type.bundle.unit-test";
		};
/* End PBXNativeTarget section */

/* Begin PBXProject section */
		0AE261971B2871610069A96B /* Project object */ = {
			isa = PBXProject;
			attributes = {
				LastUpgradeCheck = 0630;
				ORGANIZATIONNAME = MissionData;
				TargetAttributes = {
					0AE2619E1B2871610069A96B = {
						CreatedOnToolsVersion = 6.3.2;
						SystemCapabilities = {
							com.apple.BackgroundModes = {
								enabled = 1;
							};
						};
					};
					0AE261B31B2871610069A96B = {
						CreatedOnToolsVersion = 6.3.2;
						TestTargetID = 0AE2619E1B2871610069A96B;
					};
				};
			};
			buildConfigurationList = 0AE2619A1B2871610069A96B /* Build configuration list for PBXProject "Beacon" */;
			compatibilityVersion = "Xcode 3.2";
			developmentRegion = English;
			hasScannedForEncodings = 0;
			knownRegions = (
				en,
				Base,
			);
			mainGroup = 0AE261961B2871610069A96B;
			productRefGroup = 0AE261A01B2871610069A96B /* Products */;
			projectDirPath = "";
			projectRoot = "";
			targets = (
				0AE2619E1B2871610069A96B /* Beacon */,
				0AE261B31B2871610069A96B /* BeaconTests */,
			);
		};
/* End PBXProject section */

/* Begin PBXResourcesBuildPhase section */
		0AE2619D1B2871610069A96B /* Resources */ = {
			isa = PBXResourcesBuildPhase;
			buildActionMask = 2147483647;
			files = (
				0AE261AA1B2871610069A96B /* Main.storyboard in Resources */,
				0AE261AF1B2871610069A96B /* LaunchScreen.xib in Resources */,
				0AE261AC1B2871610069A96B /* Images.xcassets in Resources */,
			);
			runOnlyForDeploymentPostprocessing = 0;
		};
		0AE261B21B2871610069A96B /* Resources */ = {
			isa = PBXResourcesBuildPhase;
			buildActionMask = 2147483647;
			files = (
			);
			runOnlyForDeploymentPostprocessing = 0;
		};
/* End PBXResourcesBuildPhase section */

/* Begin PBXSourcesBuildPhase section */
		0AE2619B1B2871610069A96B /* Sources */ = {
			isa = PBXSourcesBuildPhase;
			buildActionMask = 2147483647;
			files = (
				0AE261A71B2871610069A96B /* ViewController.swift in Sources */,
				0AE261C51B2873B60069A96B /* APICaller.swift in Sources */,
				0AE261C71B2897680069A96B /* SlackNameViewController.swift in Sources */,
				0AE261A51B2871610069A96B /* AppDelegate.swift in Sources */,
			);
			runOnlyForDeploymentPostprocessing = 0;
		};
		0AE261B01B2871610069A96B /* Sources */ = {
			isa = PBXSourcesBuildPhase;
			buildActionMask = 2147483647;
			files = (
				0AE261BB1B2871610069A96B /* BeaconTests.swift in Sources */,
			);
			runOnlyForDeploymentPostprocessing = 0;
		};
/* End PBXSourcesBuildPhase section */

/* Begin PBXTargetDependency section */
		0AE261B61B2871610069A96B /* PBXTargetDependency */ = {
			isa = PBXTargetDependency;
			target = 0AE2619E1B2871610069A96B /* Beacon */;
			targetProxy = 0AE261B51B2871610069A96B /* PBXContainerItemProxy */;
		};
/* End PBXTargetDependency section */

/* Begin PBXVariantGroup section */
		0AE261A81B2871610069A96B /* Main.storyboard */ = {
			isa = PBXVariantGroup;
			children = (
				0AE261A91B2871610069A96B /* Base */,
			);
			name = Main.storyboard;
			sourceTree = "<group>";
		};
		0AE261AD1B2871610069A96B /* LaunchScreen.xib */ = {
			isa = PBXVariantGroup;
			children = (
				0AE261AE1B2871610069A96B /* Base */,
			);
			name = LaunchScreen.xib;
			sourceTree = "<group>";
		};
/* End PBXVariantGroup section */

/* Begin XCBuildConfiguration section */
		0AE261BC1B2871610069A96B /* Debug */ = {
			isa = XCBuildConfiguration;
			buildSettings = {
				ALWAYS_SEARCH_USER_PATHS = NO;
				CLANG_CXX_LANGUAGE_STANDARD = "gnu++0x";
				CLANG_CXX_LIBRARY = "libc++";
				CLANG_ENABLE_MODULES = YES;
				CLANG_ENABLE_OBJC_ARC = YES;
				CLANG_WARN_BOOL_CONVERSION = YES;
				CLANG_WARN_CONSTANT_CONVERSION = YES;
				CLANG_WARN_DIRECT_OBJC_ISA_USAGE = YES_ERROR;
				CLANG_WARN_EMPTY_BODY = YES;
				CLANG_WARN_ENUM_CONVERSION = YES;
				CLANG_WARN_INT_CONVERSION = YES;
				CLANG_WARN_OBJC_ROOT_CLASS = YES_ERROR;
				CLANG_WARN_UNREACHABLE_CODE = YES;
				CLANG_WARN__DUPLICATE_METHOD_MATCH = YES;
				"CODE_SIGN_IDENTITY[sdk=iphoneos*]" = "iPhone Developer";
				COPY_PHASE_STRIP = NO;
				DEBUG_INFORMATION_FORMAT = "dwarf-with-dsym";
				ENABLE_STRICT_OBJC_MSGSEND = YES;
				GCC_C_LANGUAGE_STANDARD = gnu99;
				GCC_DYNAMIC_NO_PIC = NO;
				GCC_NO_COMMON_BLOCKS = YES;
				GCC_OPTIMIZATION_LEVEL = 0;
				GCC_PREPROCESSOR_DEFINITIONS = (
					"DEBUG=1",
					"$(inherited)",
				);
				GCC_SYMBOLS_PRIVATE_EXTERN = NO;
				GCC_WARN_64_TO_32_BIT_CONVERSION = YES;
				GCC_WARN_ABOUT_RETURN_TYPE = YES_ERROR;
				GCC_WARN_UNDECLARED_SELECTOR = YES;
				GCC_WARN_UNINITIALIZED_AUTOS = YES_AGGRESSIVE;
				GCC_WARN_UNUSED_FUNCTION = YES;
				GCC_WARN_UNUSED_VARIABLE = YES;
				IPHONEOS_DEPLOYMENT_TARGET = 8.3;
				MTL_ENABLE_DEBUG_INFO = YES;
				ONLY_ACTIVE_ARCH = YES;
				SDKROOT = iphoneos;
				SWIFT_OPTIMIZATION_LEVEL = "-Onone";
				TARGETED_DEVICE_FAMILY = "1,2";
			};
			name = Debug;
		};
		0AE261BD1B2871610069A96B /* Release */ = {
			isa = XCBuildConfiguration;
			buildSettings = {
				ALWAYS_SEARCH_USER_PATHS = NO;
				CLANG_CXX_LANGUAGE_STANDARD = "gnu++0x";
				CLANG_CXX_LIBRARY = "libc++";
				CLANG_ENABLE_MODULES = YES;
				CLANG_ENABLE_OBJC_ARC = YES;
				CLANG_WARN_BOOL_CONVERSION = YES;
				CLANG_WARN_CONSTANT_CONVERSION = YES;
				CLANG_WARN_DIRECT_OBJC_ISA_USAGE = YES_ERROR;
				CLANG_WARN_EMPTY_BODY = YES;
				CLANG_WARN_ENUM_CONVERSION = YES;
				CLANG_WARN_INT_CONVERSION = YES;
				CLANG_WARN_OBJC_ROOT_CLASS = YES_ERROR;
				CLANG_WARN_UNREACHABLE_CODE = YES;
				CLANG_WARN__DUPLICATE_METHOD_MATCH = YES;
				"CODE_SIGN_IDENTITY[sdk=iphoneos*]" = "iPhone Developer";
				COPY_PHASE_STRIP = NO;
				DEBUG_INFORMATION_FORMAT = "dwarf-with-dsym";
				ENABLE_NS_ASSERTIONS = NO;
				ENABLE_STRICT_OBJC_MSGSEND = YES;
				GCC_C_LANGUAGE_STANDARD = gnu99;
				GCC_NO_COMMON_BLOCKS = YES;
				GCC_WARN_64_TO_32_BIT_CONVERSION = YES;
				GCC_WARN_ABOUT_RETURN_TYPE = YES_ERROR;
				GCC_WARN_UNDECLARED_SELECTOR = YES;
				GCC_WARN_UNINITIALIZED_AUTOS = YES_AGGRESSIVE;
				GCC_WARN_UNUSED_FUNCTION = YES;
				GCC_WARN_UNUSED_VARIABLE = YES;
				IPHONEOS_DEPLOYMENT_TARGET = 8.3;
				MTL_ENABLE_DEBUG_INFO = NO;
				SDKROOT = iphoneos;
				TARGETED_DEVICE_FAMILY = "1,2";
				VALIDATE_PRODUCT = YES;
			};
			name = Release;
		};
		0AE261BF1B2871610069A96B /* Debug */ = {
			isa = XCBuildConfiguration;
			buildSettings = {
				ASSETCATALOG_COMPILER_APPICON_NAME = AppIcon;
				INFOPLIST_FILE = Beacon/Info.plist;
				LD_RUNPATH_SEARCH_PATHS = "$(inherited) @executable_path/Frameworks";
				PRODUCT_NAME = "$(TARGET_NAME)";
			};
			name = Debug;
		};
		0AE261C01B2871610069A96B /* Release */ = {
			isa = XCBuildConfiguration;
			buildSettings = {
				ASSETCATALOG_COMPILER_APPICON_NAME = AppIcon;
				INFOPLIST_FILE = Beacon/Info.plist;
				LD_RUNPATH_SEARCH_PATHS = "$(inherited) @executable_path/Frameworks";
				PRODUCT_NAME = "$(TARGET_NAME)";
			};
			name = Release;
		};
		0AE261C21B2871610069A96B /* Debug */ = {
			isa = XCBuildConfiguration;
			buildSettings = {
				BUNDLE_LOADER = "$(TEST_HOST)";
				FRAMEWORK_SEARCH_PATHS = (
					"$(SDKROOT)/Developer/Library/Frameworks",
					"$(inherited)",
				);
				GCC_PREPROCESSOR_DEFINITIONS = (
					"DEBUG=1",
					"$(inherited)",
				);
				INFOPLIST_FILE = BeaconTests/Info.plist;
				LD_RUNPATH_SEARCH_PATHS = "$(inherited) @executable_path/Frameworks @loader_path/Frameworks";
				PRODUCT_NAME = "$(TARGET_NAME)";
				TEST_HOST = "$(BUILT_PRODUCTS_DIR)/Beacon.app/Beacon";
			};
			name = Debug;
		};
		0AE261C31B2871610069A96B /* Release */ = {
			isa = XCBuildConfiguration;
			buildSettings = {
				BUNDLE_LOADER = "$(TEST_HOST)";
				FRAMEWORK_SEARCH_PATHS = (
					"$(SDKROOT)/Developer/Library/Frameworks",
					"$(inherited)",
				);
				INFOPLIST_FILE = BeaconTests/Info.plist;
				LD_RUNPATH_SEARCH_PATHS = "$(inherited) @executable_path/Frameworks @loader_path/Frameworks";
				PRODUCT_NAME = "$(TARGET_NAME)";
				TEST_HOST = "$(BUILT_PRODUCTS_DIR)/Beacon.app/Beacon";
			};
			name = Release;
		};
/* End XCBuildConfiguration section */

/* Begin XCConfigurationList section */
		0AE2619A1B2871610069A96B /* Build configuration list for PBXProject "Beacon" */ = {
			isa = XCConfigurationList;
			buildConfigurations = (
				0AE261BC1B2871610069A96B /* Debug */,
				0AE261BD1B2871610069A96B /* Release */,
			);
			defaultConfigurationIsVisible = 0;
			defaultConfigurationName = Release;
		};
		0AE261BE1B2871610069A96B /* Build configuration list for PBXNativeTarget "Beacon" */ = {
			isa = XCConfigurationList;
			buildConfigurations = (
				0AE261BF1B2871610069A96B /* Debug */,
				0AE261C01B2871610069A96B /* Release */,
			);
			defaultConfigurationIsVisible = 0;
			defaultConfigurationName = Release;
		};
		0AE261C11B2871610069A96B /* Build configuration list for PBXNativeTarget "BeaconTests" */ = {
			isa = XCConfigurationList;
			buildConfigurations = (
				0AE261C21B2871610069A96B /* Debug */,
				0AE261C31B2871610069A96B /* Release */,
			);
			defaultConfigurationIsVisible = 0;
			defaultConfigurationName = Release;
		};
/* End XCConfigurationList section */
	};
	rootObject = 0AE261971B2871610069A96B /* Project object */;
}
