// !$*UTF8*$!
{
	archiveVersion = 1;
	classes = {
	};
	objectVersion = 46;
	objects = {

/* Begin PBXBuildFile section */
		0A99C51B1B1903720052CDD6 /* AppDelegate.swift in Sources */ = {isa = PBXBuildFile; fileRef = 0A99C51A1B1903720052CDD6 /* AppDelegate.swift */; };
		0A99C51D1B1903720052CDD6 /* ViewController.swift in Sources */ = {isa = PBXBuildFile; fileRef = 0A99C51C1B1903720052CDD6 /* ViewController.swift */; };
		0A99C5201B1903720052CDD6 /* Main.storyboard in Resources */ = {isa = PBXBuildFile; fileRef = 0A99C51E1B1903720052CDD6 /* Main.storyboard */; };
		0A99C5251B1903720052CDD6 /* LaunchScreen.xib in Resources */ = {isa = PBXBuildFile; fileRef = 0A99C5231B1903720052CDD6 /* LaunchScreen.xib */; };
		0A99C5311B1903720052CDD6 /* MDBeaconTests.swift in Sources */ = {isa = PBXBuildFile; fileRef = 0A99C5301B1903720052CDD6 /* MDBeaconTests.swift */; };
		0ADD21571B1F4AE800A17277 /* CoreLocation.framework in Frameworks */ = {isa = PBXBuildFile; fileRef = 0ADD21561B1F4AE800A17277 /* CoreLocation.framework */; };
		0ADD215B1B20A04100A17277 /* Images.xcassets in Resources */ = {isa = PBXBuildFile; fileRef = 0ADD215A1B20A04100A17277 /* Images.xcassets */; };
/* End PBXBuildFile section */

/* Begin PBXContainerItemProxy section */
		0A99C52B1B1903720052CDD6 /* PBXContainerItemProxy */ = {
			isa = PBXContainerItemProxy;
			containerPortal = 0A99C50D1B1903710052CDD6 /* Project object */;
			proxyType = 1;
			remoteGlobalIDString = 0A99C5141B1903720052CDD6;
			remoteInfo = MDBeacon;
		};
/* End PBXContainerItemProxy section */

/* Begin PBXFileReference section */
		0A99C5151B1903720052CDD6 /* MDBeacon.app */ = {isa = PBXFileReference; explicitFileType = wrapper.application; includeInIndex = 0; path = MDBeacon.app; sourceTree = BUILT_PRODUCTS_DIR; };
		0A99C5191B1903720052CDD6 /* Info.plist */ = {isa = PBXFileReference; lastKnownFileType = text.plist.xml; path = Info.plist; sourceTree = "<group>"; };
		0A99C51A1B1903720052CDD6 /* AppDelegate.swift */ = {isa = PBXFileReference; lastKnownFileType = sourcecode.swift; path = AppDelegate.swift; sourceTree = "<group>"; };
		0A99C51C1B1903720052CDD6 /* ViewController.swift */ = {isa = PBXFileReference; lastKnownFileType = sourcecode.swift; path = ViewController.swift; sourceTree = "<group>"; };
		0A99C51F1B1903720052CDD6 /* Base */ = {isa = PBXFileReference; lastKnownFileType = file.storyboard; name = Base; path = Base.lproj/Main.storyboard; sourceTree = "<group>"; };
		0A99C5241B1903720052CDD6 /* Base */ = {isa = PBXFileReference; lastKnownFileType = file.xib; name = Base; path = Base.lproj/LaunchScreen.xib; sourceTree = "<group>"; };
		0A99C52A1B1903720052CDD6 /* MDBeaconTests.xctest */ = {isa = PBXFileReference; explicitFileType = wrapper.cfbundle; includeInIndex = 0; path = MDBeaconTests.xctest; sourceTree = BUILT_PRODUCTS_DIR; };
		0A99C52F1B1903720052CDD6 /* Info.plist */ = {isa = PBXFileReference; lastKnownFileType = text.plist.xml; path = Info.plist; sourceTree = "<group>"; };
		0A99C5301B1903720052CDD6 /* MDBeaconTests.swift */ = {isa = PBXFileReference; lastKnownFileType = sourcecode.swift; path = MDBeaconTests.swift; sourceTree = "<group>"; };
		0ADD21561B1F4AE800A17277 /* CoreLocation.framework */ = {isa = PBXFileReference; lastKnownFileType = wrapper.framework; name = CoreLocation.framework; path = System/Library/Frameworks/CoreLocation.framework; sourceTree = SDKROOT; };
		0ADD215A1B20A04100A17277 /* Images.xcassets */ = {isa = PBXFileReference; lastKnownFileType = folder.assetcatalog; path = Images.xcassets; sourceTree = "<group>"; };
/* End PBXFileReference section */

/* Begin PBXFrameworksBuildPhase section */
		0A99C5121B1903720052CDD6 /* Frameworks */ = {
			isa = PBXFrameworksBuildPhase;
			buildActionMask = 2147483647;
			files = (
				0ADD21571B1F4AE800A17277 /* CoreLocation.framework in Frameworks */,
			);
			runOnlyForDeploymentPostprocessing = 0;
		};
		0A99C5271B1903720052CDD6 /* Frameworks */ = {
			isa = PBXFrameworksBuildPhase;
			buildActionMask = 2147483647;
			files = (
			);
			runOnlyForDeploymentPostprocessing = 0;
		};
/* End PBXFrameworksBuildPhase section */

/* Begin PBXGroup section */
		0A99C50C1B1903710052CDD6 = {
			isa = PBXGroup;
			children = (
				0ADD21561B1F4AE800A17277 /* CoreLocation.framework */,
				0A99C5171B1903720052CDD6 /* MDBeacon */,
				0A99C52D1B1903720052CDD6 /* MDBeaconTests */,
				0A99C5161B1903720052CDD6 /* Products */,
			);
			sourceTree = "<group>";
		};
		0A99C5161B1903720052CDD6 /* Products */ = {
			isa = PBXGroup;
			children = (
				0A99C5151B1903720052CDD6 /* MDBeacon.app */,
				0A99C52A1B1903720052CDD6 /* MDBeaconTests.xctest */,
			);
			name = Products;
			sourceTree = "<group>";
		};
		0A99C5171B1903720052CDD6 /* MDBeacon */ = {
			isa = PBXGroup;
			children = (
				0A99C51A1B1903720052CDD6 /* AppDelegate.swift */,
				0A99C51C1B1903720052CDD6 /* ViewController.swift */,
				0A99C51E1B1903720052CDD6 /* Main.storyboard */,
				0ADD215A1B20A04100A17277 /* Images.xcassets */,
				0A99C5231B1903720052CDD6 /* LaunchScreen.xib */,
				0A99C5181B1903720052CDD6 /* Supporting Files */,
			);
			path = MDBeacon;
			sourceTree = "<group>";
		};
		0A99C5181B1903720052CDD6 /* Supporting Files */ = {
			isa = PBXGroup;
			children = (
				0A99C5191B1903720052CDD6 /* Info.plist */,
			);
			name = "Supporting Files";
			sourceTree = "<group>";
		};
		0A99C52D1B1903720052CDD6 /* MDBeaconTests */ = {
			isa = PBXGroup;
			children = (
				0A99C5301B1903720052CDD6 /* MDBeaconTests.swift */,
				0A99C52E1B1903720052CDD6 /* Supporting Files */,
			);
			path = MDBeaconTests;
			sourceTree = "<group>";
		};
		0A99C52E1B1903720052CDD6 /* Supporting Files */ = {
			isa = PBXGroup;
			children = (
				0A99C52F1B1903720052CDD6 /* Info.plist */,
			);
			name = "Supporting Files";
			sourceTree = "<group>";
		};
/* End PBXGroup section */

/* Begin PBXNativeTarget section */
		0A99C5141B1903720052CDD6 /* MDBeacon */ = {
			isa = PBXNativeTarget;
			buildConfigurationList = 0A99C5341B1903720052CDD6 /* Build configuration list for PBXNativeTarget "MDBeacon" */;
			buildPhases = (
				0A99C5111B1903720052CDD6 /* Sources */,
				0A99C5121B1903720052CDD6 /* Frameworks */,
				0A99C5131B1903720052CDD6 /* Resources */,
			);
			buildRules = (
			);
			dependencies = (
			);
			name = MDBeacon;
			productName = MDBeacon;
			productReference = 0A99C5151B1903720052CDD6 /* MDBeacon.app */;
			productType = "com.apple.product-type.application";
		};
		0A99C5291B1903720052CDD6 /* MDBeaconTests */ = {
			isa = PBXNativeTarget;
			buildConfigurationList = 0A99C5371B1903720052CDD6 /* Build configuration list for PBXNativeTarget "MDBeaconTests" */;
			buildPhases = (
				0A99C5261B1903720052CDD6 /* Sources */,
				0A99C5271B1903720052CDD6 /* Frameworks */,
				0A99C5281B1903720052CDD6 /* Resources */,
			);
			buildRules = (
			);
			dependencies = (
				0A99C52C1B1903720052CDD6 /* PBXTargetDependency */,
			);
			name = MDBeaconTests;
			productName = MDBeaconTests;
			productReference = 0A99C52A1B1903720052CDD6 /* MDBeaconTests.xctest */;
			productType = "com.apple.product-type.bundle.unit-test";
		};
/* End PBXNativeTarget section */

/* Begin PBXProject section */
		0A99C50D1B1903710052CDD6 /* Project object */ = {
			isa = PBXProject;
			attributes = {
				LastUpgradeCheck = 0630;
				ORGANIZATIONNAME = MissionData;
				TargetAttributes = {
					0A99C5141B1903720052CDD6 = {
						CreatedOnToolsVersion = 6.3.2;
						DevelopmentTeam = 86E8Y5JRKT;
						SystemCapabilities = {
							com.apple.BackgroundModes = {
								enabled = 1;
							};
						};
					};
					0A99C5291B1903720052CDD6 = {
						CreatedOnToolsVersion = 6.3.2;
						TestTargetID = 0A99C5141B1903720052CDD6;
					};
				};
			};
			buildConfigurationList = 0A99C5101B1903710052CDD6 /* Build configuration list for PBXProject "MDBeacon" */;
			compatibilityVersion = "Xcode 3.2";
			developmentRegion = English;
			hasScannedForEncodings = 0;
			knownRegions = (
				en,
				Base,
			);
			mainGroup = 0A99C50C1B1903710052CDD6;
			productRefGroup = 0A99C5161B1903720052CDD6 /* Products */;
			projectDirPath = "";
			projectRoot = "";
			targets = (
				0A99C5141B1903720052CDD6 /* MDBeacon */,
				0A99C5291B1903720052CDD6 /* MDBeaconTests */,
			);
		};
/* End PBXProject section */

/* Begin PBXResourcesBuildPhase section */
		0A99C5131B1903720052CDD6 /* Resources */ = {
			isa = PBXResourcesBuildPhase;
			buildActionMask = 2147483647;
			files = (
				0A99C5201B1903720052CDD6 /* Main.storyboard in Resources */,
				0ADD215B1B20A04100A17277 /* Images.xcassets in Resources */,
				0A99C5251B1903720052CDD6 /* LaunchScreen.xib in Resources */,
			);
			runOnlyForDeploymentPostprocessing = 0;
		};
		0A99C5281B1903720052CDD6 /* Resources */ = {
			isa = PBXResourcesBuildPhase;
			buildActionMask = 2147483647;
			files = (
			);
			runOnlyForDeploymentPostprocessing = 0;
		};
/* End PBXResourcesBuildPhase section */

/* Begin PBXSourcesBuildPhase section */
		0A99C5111B1903720052CDD6 /* Sources */ = {
			isa = PBXSourcesBuildPhase;
			buildActionMask = 2147483647;
			files = (
				0A99C51D1B1903720052CDD6 /* ViewController.swift in Sources */,
				0A99C51B1B1903720052CDD6 /* AppDelegate.swift in Sources */,
			);
			runOnlyForDeploymentPostprocessing = 0;
		};
		0A99C5261B1903720052CDD6 /* Sources */ = {
			isa = PBXSourcesBuildPhase;
			buildActionMask = 2147483647;
			files = (
				0A99C5311B1903720052CDD6 /* MDBeaconTests.swift in Sources */,
			);
			runOnlyForDeploymentPostprocessing = 0;
		};
/* End PBXSourcesBuildPhase section */

/* Begin PBXTargetDependency section */
		0A99C52C1B1903720052CDD6 /* PBXTargetDependency */ = {
			isa = PBXTargetDependency;
			target = 0A99C5141B1903720052CDD6 /* MDBeacon */;
			targetProxy = 0A99C52B1B1903720052CDD6 /* PBXContainerItemProxy */;
		};
/* End PBXTargetDependency section */

/* Begin PBXVariantGroup section */
		0A99C51E1B1903720052CDD6 /* Main.storyboard */ = {
			isa = PBXVariantGroup;
			children = (
				0A99C51F1B1903720052CDD6 /* Base */,
			);
			name = Main.storyboard;
			sourceTree = "<group>";
		};
		0A99C5231B1903720052CDD6 /* LaunchScreen.xib */ = {
			isa = PBXVariantGroup;
			children = (
				0A99C5241B1903720052CDD6 /* Base */,
			);
			name = LaunchScreen.xib;
			sourceTree = "<group>";
		};
/* End PBXVariantGroup section */

/* Begin XCBuildConfiguration section */
		0A99C5321B1903720052CDD6 /* Debug */ = {
			isa = XCBuildConfiguration;
			buildSettings = {
				ALWAYS_SEARCH_USER_PATHS = NO;
				CLANG_CXX_LANGUAGE_STANDARD = "gnu++0x";
				CLANG_CXX_LIBRARY = "libc++";
				CLANG_ENABLE_MODULES = YES;
				CLANG_ENABLE_OBJC_ARC = YES;
				CLANG_WARN_BOOL_CONVERSION = YES;
				CLANG_WARN_CONSTANT_CONVERSION = YES;
				CLANG_WARN_DIRECT_OBJC_ISA_USAGE = YES_ERROR;
				CLANG_WARN_EMPTY_BODY = YES;
				CLANG_WARN_ENUM_CONVERSION = YES;
				CLANG_WARN_INT_CONVERSION = YES;
				CLANG_WARN_OBJC_ROOT_CLASS = YES_ERROR;
				CLANG_WARN_UNREACHABLE_CODE = YES;
				CLANG_WARN__DUPLICATE_METHOD_MATCH = YES;
				"CODE_SIGN_IDENTITY[sdk=iphoneos*]" = "iPhone Developer";
				COPY_PHASE_STRIP = NO;
				DEBUG_INFORMATION_FORMAT = "dwarf-with-dsym";
				ENABLE_STRICT_OBJC_MSGSEND = YES;
				GCC_C_LANGUAGE_STANDARD = gnu99;
				GCC_DYNAMIC_NO_PIC = NO;
				GCC_NO_COMMON_BLOCKS = YES;
				GCC_OPTIMIZATION_LEVEL = 0;
				GCC_PREPROCESSOR_DEFINITIONS = (
					"DEBUG=1",
					"$(inherited)",
				);
				GCC_SYMBOLS_PRIVATE_EXTERN = NO;
				GCC_WARN_64_TO_32_BIT_CONVERSION = YES;
				GCC_WARN_ABOUT_RETURN_TYPE = YES_ERROR;
				GCC_WARN_UNDECLARED_SELECTOR = YES;
				GCC_WARN_UNINITIALIZED_AUTOS = YES_AGGRESSIVE;
				GCC_WARN_UNUSED_FUNCTION = YES;
				GCC_WARN_UNUSED_VARIABLE = YES;
				IPHONEOS_DEPLOYMENT_TARGET = 8.3;
				MTL_ENABLE_DEBUG_INFO = YES;
				ONLY_ACTIVE_ARCH = YES;
				SDKROOT = iphoneos;
				SWIFT_OPTIMIZATION_LEVEL = "-Onone";
			};
			name = Debug;
		};
		0A99C5331B1903720052CDD6 /* Release */ = {
			isa = XCBuildConfiguration;
			buildSettings = {
				ALWAYS_SEARCH_USER_PATHS = NO;
				CLANG_CXX_LANGUAGE_STANDARD = "gnu++0x";
				CLANG_CXX_LIBRARY = "libc++";
				CLANG_ENABLE_MODULES = YES;
				CLANG_ENABLE_OBJC_ARC = YES;
				CLANG_WARN_BOOL_CONVERSION = YES;
				CLANG_WARN_CONSTANT_CONVERSION = YES;
				CLANG_WARN_DIRECT_OBJC_ISA_USAGE = YES_ERROR;
				CLANG_WARN_EMPTY_BODY = YES;
				CLANG_WARN_ENUM_CONVERSION = YES;
				CLANG_WARN_INT_CONVERSION = YES;
				CLANG_WARN_OBJC_ROOT_CLASS = YES_ERROR;
				CLANG_WARN_UNREACHABLE_CODE = YES;
				CLANG_WARN__DUPLICATE_METHOD_MATCH = YES;
				"CODE_SIGN_IDENTITY[sdk=iphoneos*]" = "iPhone Developer";
				COPY_PHASE_STRIP = NO;
				DEBUG_INFORMATION_FORMAT = "dwarf-with-dsym";
				ENABLE_NS_ASSERTIONS = NO;
				ENABLE_STRICT_OBJC_MSGSEND = YES;
				GCC_C_LANGUAGE_STANDARD = gnu99;
				GCC_NO_COMMON_BLOCKS = YES;
				GCC_WARN_64_TO_32_BIT_CONVERSION = YES;
				GCC_WARN_ABOUT_RETURN_TYPE = YES_ERROR;
				GCC_WARN_UNDECLARED_SELECTOR = YES;
				GCC_WARN_UNINITIALIZED_AUTOS = YES_AGGRESSIVE;
				GCC_WARN_UNUSED_FUNCTION = YES;
				GCC_WARN_UNUSED_VARIABLE = YES;
				IPHONEOS_DEPLOYMENT_TARGET = 8.3;
				MTL_ENABLE_DEBUG_INFO = NO;
				SDKROOT = iphoneos;
				VALIDATE_PRODUCT = YES;
			};
			name = Release;
		};
		0A99C5351B1903720052CDD6 /* Debug */ = {
			isa = XCBuildConfiguration;
			buildSettings = {
				ASSETCATALOG_COMPILER_APPICON_NAME = AppIcon;
				CODE_SIGN_IDENTITY = "iPhone Developer";
				"CODE_SIGN_IDENTITY[sdk=iphoneos*]" = "iPhone Developer";
				INFOPLIST_FILE = MDBeacon/Info.plist;
				LD_RUNPATH_SEARCH_PATHS = "$(inherited) @executable_path/Frameworks";
				PRODUCT_NAME = "$(TARGET_NAME)";
				PROVISIONING_PROFILE = "";
				TARGETED_DEVICE_FAMILY = 2;
			};
			name = Debug;
		};
		0A99C5361B1903720052CDD6 /* Release */ = {
			isa = XCBuildConfiguration;
			buildSettings = {
				ASSETCATALOG_COMPILER_APPICON_NAME = AppIcon;
				CODE_SIGN_IDENTITY = "iPhone Developer";
				"CODE_SIGN_IDENTITY[sdk=iphoneos*]" = "iPhone Developer";
				INFOPLIST_FILE = MDBeacon/Info.plist;
				LD_RUNPATH_SEARCH_PATHS = "$(inherited) @executable_path/Frameworks";
				PRODUCT_NAME = "$(TARGET_NAME)";
				PROVISIONING_PROFILE = "";
				TARGETED_DEVICE_FAMILY = 2;
			};
			name = Release;
		};
		0A99C5381B1903720052CDD6 /* Debug */ = {
			isa = XCBuildConfiguration;
			buildSettings = {
				BUNDLE_LOADER = "$(TEST_HOST)";
				FRAMEWORK_SEARCH_PATHS = (
					"$(SDKROOT)/Developer/Library/Frameworks",
					"$(inherited)",
				);
				GCC_PREPROCESSOR_DEFINITIONS = (
					"DEBUG=1",
					"$(inherited)",
				);
				INFOPLIST_FILE = MDBeaconTests/Info.plist;
				LD_RUNPATH_SEARCH_PATHS = "$(inherited) @executable_path/Frameworks @loader_path/Frameworks";
				PRODUCT_NAME = "$(TARGET_NAME)";
				TEST_HOST = "$(BUILT_PRODUCTS_DIR)/MDBeacon.app/MDBeacon";
			};
			name = Debug;
		};
		0A99C5391B1903720052CDD6 /* Release */ = {
			isa = XCBuildConfiguration;
			buildSettings = {
				BUNDLE_LOADER = "$(TEST_HOST)";
				FRAMEWORK_SEARCH_PATHS = (
					"$(SDKROOT)/Developer/Library/Frameworks",
					"$(inherited)",
				);
				INFOPLIST_FILE = MDBeaconTests/Info.plist;
				LD_RUNPATH_SEARCH_PATHS = "$(inherited) @executable_path/Frameworks @loader_path/Frameworks";
				PRODUCT_NAME = "$(TARGET_NAME)";
				TEST_HOST = "$(BUILT_PRODUCTS_DIR)/MDBeacon.app/MDBeacon";
			};
			name = Release;
		};
/* End XCBuildConfiguration section */

/* Begin XCConfigurationList section */
		0A99C5101B1903710052CDD6 /* Build configuration list for PBXProject "MDBeacon" */ = {
			isa = XCConfigurationList;
			buildConfigurations = (
				0A99C5321B1903720052CDD6 /* Debug */,
				0A99C5331B1903720052CDD6 /* Release */,
			);
			defaultConfigurationIsVisible = 0;
			defaultConfigurationName = Release;
		};
		0A99C5341B1903720052CDD6 /* Build configuration list for PBXNativeTarget "MDBeacon" */ = {
			isa = XCConfigurationList;
			buildConfigurations = (
				0A99C5351B1903720052CDD6 /* Debug */,
				0A99C5361B1903720052CDD6 /* Release */,
			);
			defaultConfigurationIsVisible = 0;
			defaultConfigurationName = Release;
		};
		0A99C5371B1903720052CDD6 /* Build configuration list for PBXNativeTarget "MDBeaconTests" */ = {
			isa = XCConfigurationList;
			buildConfigurations = (
				0A99C5381B1903720052CDD6 /* Debug */,
				0A99C5391B1903720052CDD6 /* Release */,
			);
			defaultConfigurationIsVisible = 0;
			defaultConfigurationName = Release;
		};
/* End XCConfigurationList section */
	};
	rootObject = 0A99C50D1B1903710052CDD6 /* Project object */;
}
